// !$*UTF8*$!
{
	archiveVersion = 1;
	classes = {
	};
	objectVersion = 56;
	objects = {

/* Begin PBXBuildFile section */
		6C3D28C22A733279006FBAE3 /* StatusCell.swift in Sources */ = {isa = PBXBuildFile; fileRef = 6C3D28C12A733279006FBAE3 /* StatusCell.swift */; };
		6C3D28C42A733815006FBAE3 /* StatusViewModel.swift in Sources */ = {isa = PBXBuildFile; fileRef = 6C3D28C32A733815006FBAE3 /* StatusViewModel.swift */; };
		6CA0F3FD2A7151F7002D6EFB /* BubbleSwiftApp.swift in Sources */ = {isa = PBXBuildFile; fileRef = 6CA0F3FC2A7151F7002D6EFB /* BubbleSwiftApp.swift */; };
		6CA0F4012A7151F9002D6EFB /* Assets.xcassets in Resources */ = {isa = PBXBuildFile; fileRef = 6CA0F4002A7151F9002D6EFB /* Assets.xcassets */; };
		6CA0F4042A7151F9002D6EFB /* Preview Assets.xcassets in Resources */ = {isa = PBXBuildFile; fileRef = 6CA0F4032A7151F9002D6EFB /* Preview Assets.xcassets */; };
		6CA0F4112A71538B002D6EFB /* LoginView.swift in Sources */ = {isa = PBXBuildFile; fileRef = 6CA0F4102A71538B002D6EFB /* LoginView.swift */; };
		6CA0F4142A716473002D6EFB /* CustomTextField.swift in Sources */ = {isa = PBXBuildFile; fileRef = 6CA0F4132A716473002D6EFB /* CustomTextField.swift */; };
		6CA0F4162A721E5C002D6EFB /* RegistrationView.swift in Sources */ = {isa = PBXBuildFile; fileRef = 6CA0F4152A721E5C002D6EFB /* RegistrationView.swift */; };
		6CE8C5452A725215004C8FBC /* HomeView.swift in Sources */ = {isa = PBXBuildFile; fileRef = 6CE8C5442A725215004C8FBC /* HomeView.swift */; };
		6CE8C5482A725C06004C8FBC /* ChannelsView.swift in Sources */ = {isa = PBXBuildFile; fileRef = 6CE8C5472A725C06004C8FBC /* ChannelsView.swift */; };
		6CE8C54D2A725C78004C8FBC /* ConversationView.swift in Sources */ = {isa = PBXBuildFile; fileRef = 6CE8C54C2A725C78004C8FBC /* ConversationView.swift */; };
		6CE8C54F2A725DB4004C8FBC /* SettingsView.swift in Sources */ = {isa = PBXBuildFile; fileRef = 6CE8C54E2A725DB4004C8FBC /* SettingsView.swift */; };
		6CE8C5512A729320004C8FBC /* SettingsHeaderView.swift in Sources */ = {isa = PBXBuildFile; fileRef = 6CE8C5502A729320004C8FBC /* SettingsHeaderView.swift */; };
		6CE8C5532A7293C7004C8FBC /* SettingsCell.swift in Sources */ = {isa = PBXBuildFile; fileRef = 6CE8C5522A7293C7004C8FBC /* SettingsCell.swift */; };
		6CE8C5572A72A167004C8FBC /* EditProfileView.swift in Sources */ = {isa = PBXBuildFile; fileRef = 6CE8C5562A72A167004C8FBC /* EditProfileView.swift */; };
		6CE8C5592A72B585004C8FBC /* StatusEditView.swift in Sources */ = {isa = PBXBuildFile; fileRef = 6CE8C5582A72B585004C8FBC /* StatusEditView.swift */; };
/* End PBXBuildFile section */

/* Begin PBXFileReference section */
		6C3D28C12A733279006FBAE3 /* StatusCell.swift */ = {isa = PBXFileReference; lastKnownFileType = sourcecode.swift; path = StatusCell.swift; sourceTree = "<group>"; };
		6C3D28C32A733815006FBAE3 /* StatusViewModel.swift */ = {isa = PBXFileReference; lastKnownFileType = sourcecode.swift; path = StatusViewModel.swift; sourceTree = "<group>"; };
		6CA0F3F92A7151F7002D6EFB /* BubbleSwift.app */ = {isa = PBXFileReference; explicitFileType = wrapper.application; includeInIndex = 0; path = BubbleSwift.app; sourceTree = BUILT_PRODUCTS_DIR; };
		6CA0F3FC2A7151F7002D6EFB /* BubbleSwiftApp.swift */ = {isa = PBXFileReference; lastKnownFileType = sourcecode.swift; path = BubbleSwiftApp.swift; sourceTree = "<group>"; };
		6CA0F4002A7151F9002D6EFB /* Assets.xcassets */ = {isa = PBXFileReference; lastKnownFileType = folder.assetcatalog; path = Assets.xcassets; sourceTree = "<group>"; };
		6CA0F4032A7151F9002D6EFB /* Preview Assets.xcassets */ = {isa = PBXFileReference; lastKnownFileType = folder.assetcatalog; path = "Preview Assets.xcassets"; sourceTree = "<group>"; };
		6CA0F4102A71538B002D6EFB /* LoginView.swift */ = {isa = PBXFileReference; lastKnownFileType = sourcecode.swift; path = LoginView.swift; sourceTree = "<group>"; };
		6CA0F4132A716473002D6EFB /* CustomTextField.swift */ = {isa = PBXFileReference; lastKnownFileType = sourcecode.swift; path = CustomTextField.swift; sourceTree = "<group>"; };
		6CA0F4152A721E5C002D6EFB /* RegistrationView.swift */ = {isa = PBXFileReference; lastKnownFileType = sourcecode.swift; path = RegistrationView.swift; sourceTree = "<group>"; };
		6CE8C5442A725215004C8FBC /* HomeView.swift */ = {isa = PBXFileReference; lastKnownFileType = sourcecode.swift; path = HomeView.swift; sourceTree = "<group>"; };
		6CE8C5472A725C06004C8FBC /* ChannelsView.swift */ = {isa = PBXFileReference; lastKnownFileType = sourcecode.swift; path = ChannelsView.swift; sourceTree = "<group>"; };
		6CE8C54C2A725C78004C8FBC /* ConversationView.swift */ = {isa = PBXFileReference; lastKnownFileType = sourcecode.swift; path = ConversationView.swift; sourceTree = "<group>"; };
		6CE8C54E2A725DB4004C8FBC /* SettingsView.swift */ = {isa = PBXFileReference; lastKnownFileType = sourcecode.swift; path = SettingsView.swift; sourceTree = "<group>"; };
		6CE8C5502A729320004C8FBC /* SettingsHeaderView.swift */ = {isa = PBXFileReference; lastKnownFileType = sourcecode.swift; path = SettingsHeaderView.swift; sourceTree = "<group>"; };
		6CE8C5522A7293C7004C8FBC /* SettingsCell.swift */ = {isa = PBXFileReference; lastKnownFileType = sourcecode.swift; path = SettingsCell.swift; sourceTree = "<group>"; };
		6CE8C5562A72A167004C8FBC /* EditProfileView.swift */ = {isa = PBXFileReference; lastKnownFileType = sourcecode.swift; path = EditProfileView.swift; sourceTree = "<group>"; };
		6CE8C5582A72B585004C8FBC /* StatusEditView.swift */ = {isa = PBXFileReference; lastKnownFileType = sourcecode.swift; path = StatusEditView.swift; sourceTree = "<group>"; };
/* End PBXFileReference section */

/* Begin PBXFrameworksBuildPhase section */
		6CA0F3F62A7151F7002D6EFB /* Frameworks */ = {
			isa = PBXFrameworksBuildPhase;
			buildActionMask = 2147483647;
			files = (
			);
			runOnlyForDeploymentPostprocessing = 0;
		};
/* End PBXFrameworksBuildPhase section */

/* Begin PBXGroup section */
		6CA0F3F02A7151F7002D6EFB = {
			isa = PBXGroup;
			children = (
				6CA0F3FB2A7151F7002D6EFB /* BubbleSwift */,
				6CA0F3FA2A7151F7002D6EFB /* Products */,
			);
			sourceTree = "<group>";
		};
		6CA0F3FA2A7151F7002D6EFB /* Products */ = {
			isa = PBXGroup;
			children = (
				6CA0F3F92A7151F7002D6EFB /* BubbleSwift.app */,
			);
			name = Products;
			sourceTree = "<group>";
		};
		6CA0F3FB2A7151F7002D6EFB /* BubbleSwift */ = {
			isa = PBXGroup;
			children = (
				6CA0F40A2A7152D8002D6EFB /* Models */,
				6CA0F40B2A7152E9002D6EFB /* ViewModels */,
				6CA0F40C2A7152EC002D6EFB /* Views */,
				6CA0F40D2A715314002D6EFB /* Services */,
				6CA0F40E2A71531B002D6EFB /* Utils */,
				6CA0F4022A7151F9002D6EFB /* Preview Content */,
				6CA0F3FC2A7151F7002D6EFB /* BubbleSwiftApp.swift */,
				6CA0F4002A7151F9002D6EFB /* Assets.xcassets */,
			);
			path = BubbleSwift;
			sourceTree = "<group>";
		};
		6CA0F4022A7151F9002D6EFB /* Preview Content */ = {
			isa = PBXGroup;
			children = (
				6CA0F4032A7151F9002D6EFB /* Preview Assets.xcassets */,
			);
			path = "Preview Content";
			sourceTree = "<group>";
		};
		6CA0F40A2A7152D8002D6EFB /* Models */ = {
			isa = PBXGroup;
			children = (
			);
			path = Models;
			sourceTree = "<group>";
		};
		6CA0F40B2A7152E9002D6EFB /* ViewModels */ = {
			isa = PBXGroup;
			children = (
				6C3D28C32A733815006FBAE3 /* StatusViewModel.swift */,
			);
			path = ViewModels;
			sourceTree = "<group>";
		};
		6CA0F40C2A7152EC002D6EFB /* Views */ = {
			isa = PBXGroup;
			children = (
				6CE8C5432A725201004C8FBC /* Main */,
				6CE8C54B2A725C5E004C8FBC /* Conversations */,
				6CE8C5462A725BFA004C8FBC /* Channels */,
				6CE8C54A2A725C4E004C8FBC /* Settings */,
				6CE8C5492A725C31004C8FBC /* Chats */,
				6CA0F4122A716457002D6EFB /* Common */,
				6CA0F40F2A715375002D6EFB /* Authentication */,
			);
			path = Views;
			sourceTree = "<group>";
		};
		6CA0F40D2A715314002D6EFB /* Services */ = {
			isa = PBXGroup;
			children = (
			);
			path = Services;
			sourceTree = "<group>";
		};
		6CA0F40E2A71531B002D6EFB /* Utils */ = {
			isa = PBXGroup;
			children = (
			);
			path = Utils;
			sourceTree = "<group>";
		};
		6CA0F40F2A715375002D6EFB /* Authentication */ = {
			isa = PBXGroup;
			children = (
				6CA0F4102A71538B002D6EFB /* LoginView.swift */,
				6CA0F4152A721E5C002D6EFB /* RegistrationView.swift */,
			);
			path = Authentication;
			sourceTree = "<group>";
		};
		6CA0F4122A716457002D6EFB /* Common */ = {
			isa = PBXGroup;
			children = (
				6CA0F4132A716473002D6EFB /* CustomTextField.swift */,
			);
			path = Common;
			sourceTree = "<group>";
		};
		6CE8C5432A725201004C8FBC /* Main */ = {
			isa = PBXGroup;
			children = (
				6CE8C5442A725215004C8FBC /* HomeView.swift */,
			);
			path = Main;
			sourceTree = "<group>";
		};
		6CE8C5462A725BFA004C8FBC /* Channels */ = {
			isa = PBXGroup;
			children = (
				6CE8C5472A725C06004C8FBC /* ChannelsView.swift */,
			);
			path = Channels;
			sourceTree = "<group>";
		};
		6CE8C5492A725C31004C8FBC /* Chats */ = {
			isa = PBXGroup;
			children = (
			);
			path = Chats;
			sourceTree = "<group>";
		};
		6CE8C54A2A725C4E004C8FBC /* Settings */ = {
			isa = PBXGroup;
			children = (
				6CE8C5562A72A167004C8FBC /* EditProfileView.swift */,
				6CE8C5522A7293C7004C8FBC /* SettingsCell.swift */,
				6CE8C5502A729320004C8FBC /* SettingsHeaderView.swift */,
				6CE8C54E2A725DB4004C8FBC /* SettingsView.swift */,
				6CE8C5582A72B585004C8FBC /* StatusEditView.swift */,
				6C3D28C12A733279006FBAE3 /* StatusCell.swift */,
			);
			path = Settings;
			sourceTree = "<group>";
		};
		6CE8C54B2A725C5E004C8FBC /* Conversations */ = {
			isa = PBXGroup;
			children = (
				6CE8C54C2A725C78004C8FBC /* ConversationView.swift */,
			);
			path = Conversations;
			sourceTree = "<group>";
		};
/* End PBXGroup section */

/* Begin PBXNativeTarget section */
		6CA0F3F82A7151F7002D6EFB /* BubbleSwift */ = {
			isa = PBXNativeTarget;
			buildConfigurationList = 6CA0F4072A7151F9002D6EFB /* Build configuration list for PBXNativeTarget "BubbleSwift" */;
			buildPhases = (
				6CA0F3F52A7151F7002D6EFB /* Sources */,
				6CA0F3F62A7151F7002D6EFB /* Frameworks */,
				6CA0F3F72A7151F7002D6EFB /* Resources */,
			);
			buildRules = (
			);
			dependencies = (
			);
			name = BubbleSwift;
			productName = BubbleSwift;
			productReference = 6CA0F3F92A7151F7002D6EFB /* BubbleSwift.app */;
			productType = "com.apple.product-type.application";
		};
/* End PBXNativeTarget section */

/* Begin PBXProject section */
		6CA0F3F12A7151F7002D6EFB /* Project object */ = {
			isa = PBXProject;
			attributes = {
				BuildIndependentTargetsInParallel = 1;
				LastSwiftUpdateCheck = 1430;
				LastUpgradeCheck = 1430;
				TargetAttributes = {
					6CA0F3F82A7151F7002D6EFB = {
						CreatedOnToolsVersion = 14.3.1;
					};
				};
			};
			buildConfigurationList = 6CA0F3F42A7151F7002D6EFB /* Build configuration list for PBXProject "BubbleSwift" */;
			compatibilityVersion = "Xcode 14.0";
			developmentRegion = en;
			hasScannedForEncodings = 0;
			knownRegions = (
				en,
				Base,
			);
			mainGroup = 6CA0F3F02A7151F7002D6EFB;
			productRefGroup = 6CA0F3FA2A7151F7002D6EFB /* Products */;
			projectDirPath = "";
			projectRoot = "";
			targets = (
				6CA0F3F82A7151F7002D6EFB /* BubbleSwift */,
			);
		};
/* End PBXProject section */

/* Begin PBXResourcesBuildPhase section */
		6CA0F3F72A7151F7002D6EFB /* Resources */ = {
			isa = PBXResourcesBuildPhase;
			buildActionMask = 2147483647;
			files = (
				6CA0F4042A7151F9002D6EFB /* Preview Assets.xcassets in Resources */,
				6CA0F4012A7151F9002D6EFB /* Assets.xcassets in Resources */,
			);
			runOnlyForDeploymentPostprocessing = 0;
		};
/* End PBXResourcesBuildPhase section */

/* Begin PBXSourcesBuildPhase section */
		6CA0F3F52A7151F7002D6EFB /* Sources */ = {
			isa = PBXSourcesBuildPhase;
			buildActionMask = 2147483647;
			files = (
				6CE8C54D2A725C78004C8FBC /* ConversationView.swift in Sources */,
				6CE8C54F2A725DB4004C8FBC /* SettingsView.swift in Sources */,
				6CE8C5512A729320004C8FBC /* SettingsHeaderView.swift in Sources */,
				6CE8C5572A72A167004C8FBC /* EditProfileView.swift in Sources */,
				6CE8C5592A72B585004C8FBC /* StatusEditView.swift in Sources */,
				6C3D28C42A733815006FBAE3 /* StatusViewModel.swift in Sources */,
				6CE8C5482A725C06004C8FBC /* ChannelsView.swift in Sources */,
				6C3D28C22A733279006FBAE3 /* StatusCell.swift in Sources */,
				6CE8C5532A7293C7004C8FBC /* SettingsCell.swift in Sources */,
				6CA0F4112A71538B002D6EFB /* LoginView.swift in Sources */,
				6CA0F3FD2A7151F7002D6EFB /* BubbleSwiftApp.swift in Sources */,
				6CA0F4142A716473002D6EFB /* CustomTextField.swift in Sources */,
				6CE8C5452A725215004C8FBC /* HomeView.swift in Sources */,
				6CA0F4162A721E5C002D6EFB /* RegistrationView.swift in Sources */,
			);
			runOnlyForDeploymentPostprocessing = 0;
		};
/* End PBXSourcesBuildPhase section */

/* Begin XCBuildConfiguration section */
		6CA0F4052A7151F9002D6EFB /* Debug */ = {
			isa = XCBuildConfiguration;
			buildSettings = {
				ALWAYS_SEARCH_USER_PATHS = NO;
				CLANG_ANALYZER_NONNULL = YES;
				CLANG_ANALYZER_NUMBER_OBJECT_CONVERSION = YES_AGGRESSIVE;
				CLANG_CXX_LANGUAGE_STANDARD = "gnu++20";
				CLANG_ENABLE_MODULES = YES;
				CLANG_ENABLE_OBJC_ARC = YES;
				CLANG_ENABLE_OBJC_WEAK = YES;
				CLANG_WARN_BLOCK_CAPTURE_AUTORELEASING = YES;
				CLANG_WARN_BOOL_CONVERSION = YES;
				CLANG_WARN_COMMA = YES;
				CLANG_WARN_CONSTANT_CONVERSION = YES;
				CLANG_WARN_DEPRECATED_OBJC_IMPLEMENTATIONS = YES;
				CLANG_WARN_DIRECT_OBJC_ISA_USAGE = YES_ERROR;
				CLANG_WARN_DOCUMENTATION_COMMENTS = YES;
				CLANG_WARN_EMPTY_BODY = YES;
				CLANG_WARN_ENUM_CONVERSION = YES;
				CLANG_WARN_INFINITE_RECURSION = YES;
				CLANG_WARN_INT_CONVERSION = YES;
				CLANG_WARN_NON_LITERAL_NULL_CONVERSION = YES;
				CLANG_WARN_OBJC_IMPLICIT_RETAIN_SELF = YES;
				CLANG_WARN_OBJC_LITERAL_CONVERSION = YES;
				CLANG_WARN_OBJC_ROOT_CLASS = YES_ERROR;
				CLANG_WARN_QUOTED_INCLUDE_IN_FRAMEWORK_HEADER = YES;
				CLANG_WARN_RANGE_LOOP_ANALYSIS = YES;
				CLANG_WARN_STRICT_PROTOTYPES = YES;
				CLANG_WARN_SUSPICIOUS_MOVE = YES;
				CLANG_WARN_UNGUARDED_AVAILABILITY = YES_AGGRESSIVE;
				CLANG_WARN_UNREACHABLE_CODE = YES;
				CLANG_WARN__DUPLICATE_METHOD_MATCH = YES;
				COPY_PHASE_STRIP = NO;
				DEBUG_INFORMATION_FORMAT = dwarf;
				ENABLE_STRICT_OBJC_MSGSEND = YES;
				ENABLE_TESTABILITY = YES;
				GCC_C_LANGUAGE_STANDARD = gnu11;
				GCC_DYNAMIC_NO_PIC = NO;
				GCC_NO_COMMON_BLOCKS = YES;
				GCC_OPTIMIZATION_LEVEL = 0;
				GCC_PREPROCESSOR_DEFINITIONS = (
					"DEBUG=1",
					"$(inherited)",
				);
				GCC_WARN_64_TO_32_BIT_CONVERSION = YES;
				GCC_WARN_ABOUT_RETURN_TYPE = YES_ERROR;
				GCC_WARN_UNDECLARED_SELECTOR = YES;
				GCC_WARN_UNINITIALIZED_AUTOS = YES_AGGRESSIVE;
				GCC_WARN_UNUSED_FUNCTION = YES;
				GCC_WARN_UNUSED_VARIABLE = YES;
				IPHONEOS_DEPLOYMENT_TARGET = 16.4;
				MTL_ENABLE_DEBUG_INFO = INCLUDE_SOURCE;
				MTL_FAST_MATH = YES;
				ONLY_ACTIVE_ARCH = YES;
				SDKROOT = iphoneos;
				SWIFT_ACTIVE_COMPILATION_CONDITIONS = DEBUG;
				SWIFT_OPTIMIZATION_LEVEL = "-Onone";
			};
			name = Debug;
		};
		6CA0F4062A7151F9002D6EFB /* Release */ = {
			isa = XCBuildConfiguration;
			buildSettings = {
				ALWAYS_SEARCH_USER_PATHS = NO;
				CLANG_ANALYZER_NONNULL = YES;
				CLANG_ANALYZER_NUMBER_OBJECT_CONVERSION = YES_AGGRESSIVE;
				CLANG_CXX_LANGUAGE_STANDARD = "gnu++20";
				CLANG_ENABLE_MODULES = YES;
				CLANG_ENABLE_OBJC_ARC = YES;
				CLANG_ENABLE_OBJC_WEAK = YES;
				CLANG_WARN_BLOCK_CAPTURE_AUTORELEASING = YES;
				CLANG_WARN_BOOL_CONVERSION = YES;
				CLANG_WARN_COMMA = YES;
				CLANG_WARN_CONSTANT_CONVERSION = YES;
				CLANG_WARN_DEPRECATED_OBJC_IMPLEMENTATIONS = YES;
				CLANG_WARN_DIRECT_OBJC_ISA_USAGE = YES_ERROR;
				CLANG_WARN_DOCUMENTATION_COMMENTS = YES;
				CLANG_WARN_EMPTY_BODY = YES;
				CLANG_WARN_ENUM_CONVERSION = YES;
				CLANG_WARN_INFINITE_RECURSION = YES;
				CLANG_WARN_INT_CONVERSION = YES;
				CLANG_WARN_NON_LITERAL_NULL_CONVERSION = YES;
				CLANG_WARN_OBJC_IMPLICIT_RETAIN_SELF = YES;
				CLANG_WARN_OBJC_LITERAL_CONVERSION = YES;
				CLANG_WARN_OBJC_ROOT_CLASS = YES_ERROR;
				CLANG_WARN_QUOTED_INCLUDE_IN_FRAMEWORK_HEADER = YES;
				CLANG_WARN_RANGE_LOOP_ANALYSIS = YES;
				CLANG_WARN_STRICT_PROTOTYPES = YES;
				CLANG_WARN_SUSPICIOUS_MOVE = YES;
				CLANG_WARN_UNGUARDED_AVAILABILITY = YES_AGGRESSIVE;
				CLANG_WARN_UNREACHABLE_CODE = YES;
				CLANG_WARN__DUPLICATE_METHOD_MATCH = YES;
				COPY_PHASE_STRIP = NO;
				DEBUG_INFORMATION_FORMAT = "dwarf-with-dsym";
				ENABLE_NS_ASSERTIONS = NO;
				ENABLE_STRICT_OBJC_MSGSEND = YES;
				GCC_C_LANGUAGE_STANDARD = gnu11;
				GCC_NO_COMMON_BLOCKS = YES;
				GCC_WARN_64_TO_32_BIT_CONVERSION = YES;
				GCC_WARN_ABOUT_RETURN_TYPE = YES_ERROR;
				GCC_WARN_UNDECLARED_SELECTOR = YES;
				GCC_WARN_UNINITIALIZED_AUTOS = YES_AGGRESSIVE;
				GCC_WARN_UNUSED_FUNCTION = YES;
				GCC_WARN_UNUSED_VARIABLE = YES;
				IPHONEOS_DEPLOYMENT_TARGET = 16.4;
				MTL_ENABLE_DEBUG_INFO = NO;
				MTL_FAST_MATH = YES;
				SDKROOT = iphoneos;
				SWIFT_COMPILATION_MODE = wholemodule;
				SWIFT_OPTIMIZATION_LEVEL = "-O";
				VALIDATE_PRODUCT = YES;
			};
			name = Release;
		};
		6CA0F4082A7151F9002D6EFB /* Debug */ = {
			isa = XCBuildConfiguration;
			buildSettings = {
				ASSETCATALOG_COMPILER_APPICON_NAME = AppIcon;
				ASSETCATALOG_COMPILER_GLOBAL_ACCENT_COLOR_NAME = AccentColor;
				CODE_SIGN_STYLE = Automatic;
				CURRENT_PROJECT_VERSION = 1;
				DEVELOPMENT_ASSET_PATHS = "\"BubbleSwift/Preview Content\"";
				DEVELOPMENT_TEAM = X2CJ5N6J47;
				ENABLE_PREVIEWS = YES;
				GENERATE_INFOPLIST_FILE = YES;
				INFOPLIST_KEY_UIApplicationSceneManifest_Generation = YES;
				INFOPLIST_KEY_UIApplicationSupportsIndirectInputEvents = YES;
				INFOPLIST_KEY_UILaunchScreen_Generation = YES;
				INFOPLIST_KEY_UISupportedInterfaceOrientations_iPad = "UIInterfaceOrientationPortrait UIInterfaceOrientationPortraitUpsideDown UIInterfaceOrientationLandscapeLeft UIInterfaceOrientationLandscapeRight";
				INFOPLIST_KEY_UISupportedInterfaceOrientations_iPhone = "UIInterfaceOrientationPortrait UIInterfaceOrientationLandscapeLeft UIInterfaceOrientationLandscapeRight";
				LD_RUNPATH_SEARCH_PATHS = (
					"$(inherited)",
					"@executable_path/Frameworks",
				);
				MARKETING_VERSION = 1.0;
				PRODUCT_BUNDLE_IDENTIFIER = com.vts.BubbleSwift;
				PRODUCT_NAME = "$(TARGET_NAME)";
				SWIFT_EMIT_LOC_STRINGS = YES;
				SWIFT_VERSION = 5.0;
				TARGETED_DEVICE_FAMILY = "1,2";
			};
			name = Debug;
		};
		6CA0F4092A7151F9002D6EFB /* Release */ = {
			isa = XCBuildConfiguration;
			buildSettings = {
				ASSETCATALOG_COMPILER_APPICON_NAME = AppIcon;
				ASSETCATALOG_COMPILER_GLOBAL_ACCENT_COLOR_NAME = AccentColor;
				CODE_SIGN_STYLE = Automatic;
				CURRENT_PROJECT_VERSION = 1;
				DEVELOPMENT_ASSET_PATHS = "\"BubbleSwift/Preview Content\"";
				DEVELOPMENT_TEAM = X2CJ5N6J47;
				ENABLE_PREVIEWS = YES;
				GENERATE_INFOPLIST_FILE = YES;
				INFOPLIST_KEY_UIApplicationSceneManifest_Generation = YES;
				INFOPLIST_KEY_UIApplicationSupportsIndirectInputEvents = YES;
				INFOPLIST_KEY_UILaunchScreen_Generation = YES;
				INFOPLIST_KEY_UISupportedInterfaceOrientations_iPad = "UIInterfaceOrientationPortrait UIInterfaceOrientationPortraitUpsideDown UIInterfaceOrientationLandscapeLeft UIInterfaceOrientationLandscapeRight";
				INFOPLIST_KEY_UISupportedInterfaceOrientations_iPhone = "UIInterfaceOrientationPortrait UIInterfaceOrientationLandscapeLeft UIInterfaceOrientationLandscapeRight";
				LD_RUNPATH_SEARCH_PATHS = (
					"$(inherited)",
					"@executable_path/Frameworks",
				);
				MARKETING_VERSION = 1.0;
				PRODUCT_BUNDLE_IDENTIFIER = com.vts.BubbleSwift;
				PRODUCT_NAME = "$(TARGET_NAME)";
				SWIFT_EMIT_LOC_STRINGS = YES;
				SWIFT_VERSION = 5.0;
				TARGETED_DEVICE_FAMILY = "1,2";
			};
			name = Release;
		};
/* End XCBuildConfiguration section */

/* Begin XCConfigurationList section */
		6CA0F3F42A7151F7002D6EFB /* Build configuration list for PBXProject "BubbleSwift" */ = {
			isa = XCConfigurationList;
			buildConfigurations = (
				6CA0F4052A7151F9002D6EFB /* Debug */,
				6CA0F4062A7151F9002D6EFB /* Release */,
			);
			defaultConfigurationIsVisible = 0;
			defaultConfigurationName = Release;
		};
		6CA0F4072A7151F9002D6EFB /* Build configuration list for PBXNativeTarget "BubbleSwift" */ = {
			isa = XCConfigurationList;
			buildConfigurations = (
				6CA0F4082A7151F9002D6EFB /* Debug */,
				6CA0F4092A7151F9002D6EFB /* Release */,
			);
			defaultConfigurationIsVisible = 0;
			defaultConfigurationName = Release;
		};
/* End XCConfigurationList section */
	};
	rootObject = 6CA0F3F12A7151F7002D6EFB /* Project object */;
}
